{
  "lockfileVersion": 1,
  "configVersion": 1,
  "workspaces": {
    "": {
      "name": "ai-orchestration-demo",
      "dependencies": {
        "@ai-sdk/openai-compatible": "^3.0.0",
        "ai": "^7.0.2",
        "bun-types": "^1.3.14",
        "zod": "^4.4.3",
      },
    },
  },
  "packages": {
    "@ai-sdk/gateway": ["@ai-sdk/gateway@4.0.2", "", { "dependencies": { "@ai-sdk/provider": "4.0.0", "@ai-sdk/provider-utils": "5.0.0", "@vercel/oidc": "3.2.0" }, "peerDependencies": { "zod": "^3.25.76 || ^4.1.8" } }, "sha512-Jz1BiiTSvhDsCBJrkFRSqLHDRMVjFtYk9GdbSi3UOqY+/epza+oIESMDzfN4m+YHT/1IYmNEmxaMfjXOvxKDjQ=="],

    "@ai-sdk/openai-compatible": ["@ai-sdk/openai-compatible@3.0.0", "", { "dependencies": { "@ai-sdk/provider": "4.0.0", "@ai-sdk/provider-utils": "5.0.0" }, "peerDependencies": { "zod": "^3.25.76 || ^4.1.8" } }, "sha512-2Ln97FfBrIKTlV/F1uTfUl+Pwk76LqrfnT5+6vu2LnSNwvLdDhTP5uMfryIrxCaYvY2MZeL4ciM1UVd52k7wTQ=="],

    "@ai-sdk/provider": ["@ai-sdk/provider@4.0.0", "", { "dependencies": { "json-schema": "^0.4.0" } }, "sha512-fr9Gs89prDWiuox/T+kCA+i2cJkHpxU5S+tr4megjTzRC27ZsvFhwjU/+XrqqMbvBUlfmXxTOYWy8ng45dsjIg=="],

    "@ai-sdk/provider-utils": ["@ai-sdk/provider-utils@5.0.0", "", { "dependencies": { "@ai-sdk/provider": "4.0.0", "@standard-schema/spec": "^1.1.0", "@workflow/serde": "4.1.0", "eventsource-parser": "^3.0.8" }, "peerDependencies": { "zod": "^3.25.76 || ^4.1.8" } }, "sha512-zj66M02jc6ASYwIgWZowsooDUwaVngeNZQ3H10GwcPMZ+KR6gHMhcUuKl6tkai+JPXTKDyHY1pnszuxRtw2D4A=="],

    "@standard-schema/spec": ["@standard-schema/spec@1.1.0", "", {}, "sha512-l2aFy5jALhniG5HgqrD6jXLi/rUWrKvqN/qJx6yoJsgKhblVd+iqqU4RCXavm/jPityDo5TCvKMnpjKnOriy0w=="],

    "@types/node": ["@types/node@26.0.1", "", { "dependencies": { "undici-types": "~8.3.0" } }, "sha512-fc3KiUoBt6kie0N9bIW3E47vZsuaMf0PM2AaUpLCLT0s/LvX1nxAim6Fc049cNxODPpGm6qRAuUOB86SkRuPQw=="],

    "@vercel/oidc": ["@vercel/oidc@3.2.0", "", {}, "sha512-UycprH3T6n3jH0k44NHMa7pnFHGu/N05MjojYr+Mc6I7obkoLIJujSWwin1pCvdy/eOxrI/l3uDLQsmcrOb4ug=="],

    "@workflow/serde": ["@workflow/serde@4.1.0", "", {}, "sha512-pav4F2BoirECWR7Nf1TKt+2eETcBj7jj4cBefQ8VXQCA6NPkaKeLfj/zMgi+3zYV5ZIBT4GuUiphsj0/b9hPQQ=="],

    "ai": ["ai@7.0.2", "", { "dependencies": { "@ai-sdk/gateway": "4.0.2", "@ai-sdk/provider": "4.0.0", "@ai-sdk/provider-utils": "5.0.0" }, "peerDependencies": { "zod": "^3.25.76 || ^4.1.8" } }, "sha512-VMU08jHIDJnnKDrbC9AFa5ZsPpOTfAPRLvTRHtJk4FGAoeldmJROMxvZ2ak5lCjEJ2GP2OLPQbMRyEK8w0+S4A=="],

    "bun-types": ["bun-types@1.3.14", "", { "dependencies": { "@types/node": "*" } }, "sha512-4N0ig0fEomHt5R0KCFWjovxow98rIoRwKolrYdCcknNwMekCXRnWEUvgu5soYV8QXtVsrUD8B95MBOZGPvr6KQ=="],

    "eventsource-parser": ["eventsource-parser@3.1.0", "", {}, "sha512-kJezFj9YFAMLeORyi7aCLxLbD5/qWMQnoMVlVPyHIll7lgRJCc3JVln9Vgl9nwQi0YkMnhdGTMNn7CkRRAptMg=="],

    "json-schema": ["json-schema@0.4.0", "", {}, "sha512-es94M3nTIfsEPisRafak+HDLfHXnKBhV3vU5eqPcS3flIWqcxJWgXHXiey3YrpaNsanY5ei1VoYEbOzijuq9BA=="],

    "undici-types": ["undici-types@8.3.0", "", {}, "sha512-j375ScV60dom+YkPFIfTLcOiPxkN/buHz5GobjLhixFuANaNs3C9l4GmrWqejgXWJ7BbJcFYpTEUkS1Ge8bpZQ=="],

    "zod": ["zod@4.4.3", "", {}, "sha512-ytENFjIJFl2UwYglde2jchW2Hwm4GJFLDiSXWdTrJQBIN9Fcyp7n4DhxJEiWNAJMV1/BqWfW/kkg71UDcHJyTQ=="],
  }
}
