{
  "version": 4,
  "terraform_version": "1.2.2",
  "serial": 5,
  "lineage": "ea7aed3e-6c57-cdf9-3900-38a03dca8f71",
  "outputs": {},
  "resources": [
    {
      "mode": "managed",
      "type": "aws_vpc",
      "name": "main",
      "provider": "provider[\"registry.terraform.io/hashicorp/aws\"]",
      "instances": [
        {
          "schema_version": 1,
          "attributes": {
            "arn": "arn:aws:ec2:ap-northeast-1:074849020636:vpc/vpc-00b7eb6245a123aa5",
            "assign_generated_ipv6_cidr_block": false,
            "cidr_block": "10.0.0.0/16",
            "default_network_acl_id": "acl-0f7a2f879597315c9",
            "default_route_table_id": "rtb-04c64e41decda771a",
            "default_security_group_id": "sg-0f1e1a18493ba1690",
            "dhcp_options_id": "dopt-05edb1b0a53543ccb",
            "enable_classiclink": false,
            "enable_classiclink_dns_support": false,
            "enable_dns_hostnames": false,
            "enable_dns_support": true,
            "id": "vpc-00b7eb6245a123aa5",
            "instance_tenancy": "default",
            "ipv6_association_id": "",
            "ipv6_cidr_block": "",
            "main_route_table_id": "rtb-04c64e41decda771a",
            "owner_id": "074849020636",
            "tags": {
              "Name": "main"
            }
          },
          "sensitive_attributes": [],
          "private": "eyJzY2hlbWFfdmVyc2lvbiI6IjEifQ=="
        }
      ]
    }
  ]
}
