{
  "version": "3",
  "packages": {
    "specifiers": {
      "jsr:@std/assert": "jsr:@std/assert@0.225.2",
      "jsr:@std/internal@^0.225.1": "jsr:@std/internal@0.225.1"
    },
    "jsr": {
      "@std/assert@0.225.2": {
        "integrity": "6fd566c3ea01654d29c2b633298b7fc7599716336233852eb87e9843658fa192",
        "dependencies": [
          "jsr:@std/internal@^0.225.1"
        ]
      },
      "@std/internal@0.225.1": {
        "integrity": "7d8a812be88c2792f15ab9cf46911e521ccca50435948a8f24df5cefda96bde9"
      }
    }
  },
  "remote": {
    "https://deno.land/std@0.224.0/dotenv/mod.ts": "0180eaeedaaf88647318811cdaa418cc64dc51fb08354f91f5f480d0a1309f7d",
    "https://deno.land/std@0.224.0/dotenv/parse.ts": "09977ff88dfd1f24f9973a338f0f91bbdb9307eb5ff6085446e7c423e4c7ba0c",
    "https://deno.land/std@0.224.0/dotenv/stringify.ts": "275da322c409170160440836342eaa7cf012a1d11a7e700d8ca4e7f2f8aa4615",
    "https://esm.sh/@google-cloud/storage@7.11.0": "fd62d840ea0f97fbea23f8d0063307e22a7fe2f164d750c5e2d28c92c3900bc1",
    "https://esm.sh/v135/@google-cloud/paginator@5.0.0/denonext/paginator.mjs": "c9a634bad01ccf2cce700498ca25e23e6c43108c0a0f17eb42f363a4050bbeb2",
    "https://esm.sh/v135/@google-cloud/projectify@4.0.0/denonext/projectify.mjs": "900d94d2fd4a00963445515a3b1b171cde4c69908cce1187be4d17de35121bab",
    "https://esm.sh/v135/@google-cloud/promisify@4.0.0/denonext/promisify.mjs": "adc98aa8c8d4cbd6e4fd24ede81b895384e541fdc6371cc14a69e74f6ff58684",
    "https://esm.sh/v135/@google-cloud/storage@7.11.0/denonext/storage.mjs": "9565c7f72c8f99fe3632a30893ed6ee8cee59485b2efc7dcc2e4a948bdc500c6",
    "https://esm.sh/v135/@tootallnate/once@2.0.0/denonext/once.mjs": "2c69d53dd1de1d7e5f9a78d46041f5d869f7d058f22d72e7f25821e61dddd147",
    "https://esm.sh/v135/agent-base@6.0.2/denonext/agent-base.mjs": "5c2339009e12d48c28aaee9842a8a8975f5ebedf50cd8e856798e98eccbd0a41",
    "https://esm.sh/v135/agent-base@7.1.0/denonext/agent-base.mjs": "0cfda332cb4694510eaeaa42dc88eed2223a9e6bed7352727a15ff163ee6b285",
    "https://esm.sh/v135/arrify@2.0.1/denonext/arrify.mjs": "bd53e56469fcc31150fa4f371d83207a08e463662a4359256228f9cd8fe04164",
    "https://esm.sh/v135/async-retry@1.3.3/denonext/async-retry.mjs": "9f15a1365f681dc4068c0614d95aca89e9705f99ddfe236f9effda56f0156f60",
    "https://esm.sh/v135/base64-js@1.5.1/denonext/base64-js.mjs": "37ce4431d0b110375d0cafee5cb015592b09352595aca9393e5ecf417f71fae2",
    "https://esm.sh/v135/bignumber.js@9.1.2/denonext/bignumber.mjs": "881ca4ea8416ac1357be523dd209ad771bc9fa3c41b881ddae76592491a7007f",
    "https://esm.sh/v135/buffer-equal-constant-time@1.0.1/denonext/buffer-equal-constant-time.mjs": "8078ba0314f3174eb9f95f33122dda5f7fc05f6cfbbf153449133f3f4454c6dd",
    "https://esm.sh/v135/debug@4.3.4/denonext/debug.mjs": "d2ebf776ea77aa7df1b4460eb2a4aab245a9d5b19f11fa1db25f756b350bae9d",
    "https://esm.sh/v135/duplexify@4.1.3/denonext/duplexify.mjs": "25b52a97b02cd228abe6f9f7f01627e760cd180b902b5d96421493e6e905dcb6",
    "https://esm.sh/v135/ecdsa-sig-formatter@1.0.11/denonext/ecdsa-sig-formatter.mjs": "c257539e93bbc1e554ae0286d9a60a72c79594fd4d2f8d133d37412748c9810c",
    "https://esm.sh/v135/end-of-stream@1.4.4/denonext/end-of-stream.mjs": "5eaf8ba6f7550da833b916236d3f97a393169d39ebd9012239fb43c161f6e4db",
    "https://esm.sh/v135/extend@3.0.2/denonext/extend.mjs": "6ab9e4890dfa54ec88fa326fca525c211141d6da72188f54e9610d1281219c9e",
    "https://esm.sh/v135/fast-xml-parser@4.3.6/denonext/fast-xml-parser.mjs": "ae9615f8aa386ed4795117f5a77058121ec1bfeca688cb39cc5523cff17832c1",
    "https://esm.sh/v135/gaxios@6.1.1/denonext/gaxios.mjs": "42b75bb073b7364847ddfdf611adf13a5a3fe3cb7c2757423f6331f4eb3f3fed",
    "https://esm.sh/v135/gaxios@6.2.0/denonext/gaxios.mjs": "c617726ca20a70a480eac75c5bda18341ead4f2c94998290bcae5ff5637c530b",
    "https://esm.sh/v135/gaxios@6.4.0/denonext/gaxios.mjs": "e74c83b79d86cc0146a91984242ce5f1ea344e88ab7eeac8c21a2890a27e50d9",
    "https://esm.sh/v135/gcp-metadata@6.1.0/denonext/gcp-metadata.mjs": "5b72a5e92233641e5814e037c2804c29edad6be5aa186c2be64dbb00740e1f01",
    "https://esm.sh/v135/google-auth-library@9.10.0/denonext/google-auth-library.mjs": "c0f0434e18ffb0c93cb0ea465c655576047033a3a8ffce1c9bfbd0c538525606",
    "https://esm.sh/v135/gtoken@7.1.0/denonext/gtoken.mjs": "6c62b3e8ee60d3f04cb8895e66dd6aad87f0e0998c2178f072cad192662c1efe",
    "https://esm.sh/v135/html-entities@2.5.2/denonext/html-entities.mjs": "01c2a1ed9cae0b714c6bc5cc1cb72e69e852c6022bf8ae8f0be2c1ea70cf860e",
    "https://esm.sh/v135/http-proxy-agent@5.0.0/denonext/http-proxy-agent.mjs": "e022d2ec2e3c468422f8ce19df4345b57352d680f53643ff09bd6e26c01c7358",
    "https://esm.sh/v135/https-proxy-agent@5.0.1/denonext/https-proxy-agent.mjs": "a8b225bd7f26f3d970ba901e5a6c016cadcd4f677311a1d2b32c74c0409347d1",
    "https://esm.sh/v135/https-proxy-agent@7.0.2/denonext/https-proxy-agent.mjs": "2820b2c86a978463ff9f5378a78a51130c67d83d66e3ee42137a2016cce88e80",
    "https://esm.sh/v135/https-proxy-agent@7.0.4/denonext/https-proxy-agent.mjs": "3e54fdfa81c1595a1e95fc2c240739c9cf166e0ab1d94ac53c83181b13c46660",
    "https://esm.sh/v135/inherits@2.0.4/denonext/inherits.mjs": "8095f3d6aea060c904fb24ae50f2882779c0acbe5d56814514c8b5153f3b4b3b",
    "https://esm.sh/v135/is-stream@2.0.1/denonext/is-stream.mjs": "456bc690361378c52fac24a7f362044f036942b1298e812799a67882d6c1febf",
    "https://esm.sh/v135/json-bigint@1.0.0/denonext/json-bigint.mjs": "51b2f93368973009d3ece79e6c9fb8d9527656ff32f492360d08c9255fbd967a",
    "https://esm.sh/v135/jwa@2.0.0/denonext/jwa.mjs": "86e24b9695b451cf73568b31a1ebc7002b3df50be3ab1c4d6f4f8433dc0e0bf1",
    "https://esm.sh/v135/jws@4.0.0/denonext/jws.mjs": "b7afb0714756f5517e04e4e04feebf36788b9d18d4a411d528ff9e690fc85423",
    "https://esm.sh/v135/mime@3.0.0/denonext/mime.mjs": "7fe83d762ec6d1bac50893acc45af4ff52d5ad0176959c4bc48ae0cde77ab50f",
    "https://esm.sh/v135/ms@2.1.2/denonext/ms.mjs": "aa4dc45ba72554c5011168f8910cc646c37af53cfff1a15a4decced838b8eb14",
    "https://esm.sh/v135/node_fetch.js": "b11355358cf61343a3c30bd5942df60a3586d13e2c979b515164bfe851662798",
    "https://esm.sh/v135/once@1.4.0/denonext/once.mjs": "5ab9193c36609f6c5cf6f1e2e37dd952c87d8ff0b0267433c29b228a2c470cd5",
    "https://esm.sh/v135/p-limit@3.1.0/denonext/p-limit.mjs": "ea94938be039452020916856408aa3e1c4ac07783dabc1efb6a0770a66b7bd5d",
    "https://esm.sh/v135/readable-stream@3.6.2/denonext/readable-stream.mjs": "35fc04c3200b796d676d0e83607fcfc150048bdcc5bdb7d5d836b5921049788f",
    "https://esm.sh/v135/retry-request@7.0.1/denonext/retry-request.mjs": "bce949acda6daafe04a8dcfb3d839c22f9c965e0013c4e7e6d48dc76463ee878",
    "https://esm.sh/v135/retry@0.13.1/denonext/retry.mjs": "0d9e9d51789f08a5d07d34e16693a133f0faaca52379af8639c682370b6c5ad7",
    "https://esm.sh/v135/safe-buffer@5.2.1/denonext/safe-buffer.mjs": "facbcb4f4622e13062978522fa12c42cae4e12f55b0e1d3fa1c4bc751bd827c7",
    "https://esm.sh/v135/stream-events@1.0.5/denonext/stream-events.mjs": "6885b6a7147dcea620e0eb4387336d1c43e0aa5b666ba3c8c9f736c449907c7d",
    "https://esm.sh/v135/stream-shift@1.0.3/denonext/stream-shift.mjs": "67c78d6706200957243da47ddf924b427d468114e24cbac64ddffcfc53308c53",
    "https://esm.sh/v135/strnum@1.0.5/denonext/strnum.mjs": "1ffef4adec2f74139e36a2bfed8381880541396fe1c315779fb22e081b17468b",
    "https://esm.sh/v135/stubs@3.0.0/denonext/stubs.mjs": "f32bd7b1525c7935dffefdf75523e63f32c04bb60552bf312327fe18753b9b28",
    "https://esm.sh/v135/teeny-request@9.0.0/denonext/teeny-request.mjs": "86fe4cb48460ce1d89a5e4cab7b88b9a9c6730b5e7899dde1002fe0174770a9f",
    "https://esm.sh/v135/util-deprecate@1.0.2/denonext/util-deprecate.mjs": "f69f67cf655c38428b0934e0f7c865c055834a87cc3866b629d6b2beb21005e9",
    "https://esm.sh/v135/uuid@8.3.2/denonext/uuid.mjs": "c0da38266b24ac79d62b02290f17caba7e75d078f6771bbe8fb61bdef60f837c",
    "https://esm.sh/v135/uuid@9.0.1/denonext/uuid.mjs": "7d7d3aa57fa136e2540886654c416d9da10d8cfebe408bae47fd47070f0bfb2a",
    "https://esm.sh/v135/wrappy@1.0.2/denonext/wrappy.mjs": "3c31e4782e0307cf56b319fcec6110f925dafe6cb47a8fa23350d480f5fa8b06",
    "https://esm.sh/v135/yocto-queue@0.1.0/denonext/yocto-queue.mjs": "e78d3fb552975412dd7aad885dfe67fd2e116e05bcbce360408eb446ee89434c"
  }
}
