{
  "lockfileVersion": 1,
  "configVersion": 1,
  "workspaces": {
    "": {
      "name": "pgboss-experiment",
      "dependencies": {
        "pg-boss": "12.18.2",
      },
    },
  },
  "packages": {
    "cron-parser": ["cron-parser@5.5.0", "", { "dependencies": { "luxon": "^3.7.1" } }, "sha512-oML4lKUXxizYswqmxuOCpgFS8BNUJpIu6k/2HVHyaL8Ynnf3wdf9tkns0yRdJLSIjkJ+b0DXHMZEHGpMwjnPww=="],

    "luxon": ["luxon@3.7.2", "", {}, "sha512-vtEhXh/gNjI9Yg1u4jX/0YVPMvxzHuGgCm6tC5kZyb08yjGWGnqAjGJvcXbqQR2P3MyMEFnRbpcdFS6PBcLqew=="],

    "non-error": ["non-error@0.1.0", "", {}, "sha512-TMB1uHiGsHRGv1uYclfhivcnf0/PdFp2pNqRxXjncaAsjYMoisaQJI+SSZCqRq+VliwRTC8tsMQfmrWjDMhkPQ=="],

    "pg": ["pg@8.21.0", "", { "dependencies": { "pg-connection-string": "^2.13.0", "pg-pool": "^3.14.0", "pg-protocol": "^1.14.0", "pg-types": "2.2.0", "pgpass": "1.0.5" }, "optionalDependencies": { "pg-cloudflare": "^1.4.0" }, "peerDependencies": { "pg-native": ">=3.0.1" }, "optionalPeers": ["pg-native"] }, "sha512-AUP1EYJuHraQGsVoCQVIcM7TEJVGtDzxWtGFZd8rds9d+CCXlU5Js1rYgfLNvxy9iJrpHjGrRjoi/3BT9fRyiA=="],

    "pg-boss": ["pg-boss@12.18.2", "", { "dependencies": { "cron-parser": "^5.5.0", "pg": "^8.20.0", "serialize-error": "^13.0.1" }, "bin": { "pg-boss": "dist/cli.js" } }, "sha512-06kXeWvVWY+BUNsOt2me1okg6NXx2DBnAQHTurA9jtrvbAO9qUOSE3/0ERERQDrokI+FREFM2Twha+JbrFT/8Q=="],

    "pg-cloudflare": ["pg-cloudflare@1.4.0", "", {}, "sha512-Vo7z/6rrQYxpNRylp4Tlob2elzbh+N/MOQbxFVWCxS7oEx6jF53GTJFxK2WWpKuBRkmiin4Mt+xofFDjx09R0A=="],

    "pg-connection-string": ["pg-connection-string@2.13.0", "", {}, "sha512-EMnU9E2fSULdsbErBbMaXJvFeD9B4+nPcM3f+4lsiCR0BHLPrLVjv3DbyM2hgQQviKJaTWIRRTjKjWlHg3p2ig=="],

    "pg-int8": ["pg-int8@1.0.1", "", {}, "sha512-WCtabS6t3c8SkpDBUlb1kjOs7l66xsGdKpIPZsg4wR+B3+u9UAum2odSsF9tnvxg80h4ZxLWMy4pRjOsFIqQpw=="],

    "pg-pool": ["pg-pool@3.14.0", "", { "peerDependencies": { "pg": ">=8.0" } }, "sha512-gKtPkFdQPU3DksooVLi9LsjZxrsBUZIpa+7aVx+LV5pNh0KzP4Zleud2po+ConrxbuXGBJ6Hfer6hdgpIBpBaw=="],

    "pg-protocol": ["pg-protocol@1.14.0", "", {}, "sha512-n5taZ1kO3s9ngDTVxsEznOqCyToTgz0FLuPq0B33COy5pPpuWJpY3/2oRBVETuOgzdqRXfWpM9HIhp2LBBT1BA=="],

    "pg-types": ["pg-types@2.2.0", "", { "dependencies": { "pg-int8": "1.0.1", "postgres-array": "~2.0.0", "postgres-bytea": "~1.0.0", "postgres-date": "~1.0.4", "postgres-interval": "^1.1.0" } }, "sha512-qTAAlrEsl8s4OiEQY69wDvcMIdQN6wdz5ojQiOy6YRMuynxenON0O5oCpJI6lshc6scgAY8qvJ2On/p+CXY0GA=="],

    "pgpass": ["pgpass@1.0.5", "", { "dependencies": { "split2": "^4.1.0" } }, "sha512-FdW9r/jQZhSeohs1Z3sI1yxFQNFvMcnmfuj4WBMUTxOrAyLMaTcE1aAMBiTlbMNaXvBCQuVi0R7hd8udDSP7ug=="],

    "postgres-array": ["postgres-array@2.0.0", "", {}, "sha512-VpZrUqU5A69eQyW2c5CA1jtLecCsN2U/bD6VilrFDWq5+5UIEVO7nazS3TEcHf1zuPYO/sqGvUvW62g86RXZuA=="],

    "postgres-bytea": ["postgres-bytea@1.0.1", "", {}, "sha512-5+5HqXnsZPE65IJZSMkZtURARZelel2oXUEO8rH83VS/hxH5vv1uHquPg5wZs8yMAfdv971IU+kcPUczi7NVBQ=="],

    "postgres-date": ["postgres-date@1.0.7", "", {}, "sha512-suDmjLVQg78nMK2UZ454hAG+OAW+HQPZ6n++TNDUX+L0+uUlLywnoxJKDou51Zm+zTCjrCl0Nq6J9C5hP9vK/Q=="],

    "postgres-interval": ["postgres-interval@1.2.0", "", { "dependencies": { "xtend": "^4.0.0" } }, "sha512-9ZhXKM/rw350N1ovuWHbGxnGh/SNJ4cnxHiM0rxE4VN41wsg8P8zWn9hv/buK00RP4WvlOyr/RBDiptyxVbkZQ=="],

    "serialize-error": ["serialize-error@13.0.1", "", { "dependencies": { "non-error": "^0.1.0", "type-fest": "^5.4.1" } }, "sha512-bBZaRwLH9PN5HbLCjPId4dP5bNGEtumcErgOX952IsvOhVPrm3/AeK1y0UHA/QaPG701eg0yEnOKsCOC6X/kaA=="],

    "split2": ["split2@4.2.0", "", {}, "sha512-UcjcJOWknrNkF6PLX83qcHM6KHgVKNkV62Y8a5uYDVv9ydGQVwAHMKqHdJje1VTWpljG0WYpCDhrCdAOYH4TWg=="],

    "tagged-tag": ["tagged-tag@1.0.0", "", {}, "sha512-yEFYrVhod+hdNyx7g5Bnkkb0G6si8HJurOoOEgC8B/O0uXLHlaey/65KRv6cuWBNhBgHKAROVpc7QyYqE5gFng=="],

    "type-fest": ["type-fest@5.6.0", "", { "dependencies": { "tagged-tag": "^1.0.0" } }, "sha512-8ZiHFm91orbSAe2PSAiSVBVko18pbhbiB3U9GglSzF/zCGkR+rxpHx6sEMCUm4kxY4LjDIUGgCfUMtwfZfjfUA=="],

    "xtend": ["xtend@4.0.2", "", {}, "sha512-LKYU1iAXJXUgAXn9URjiu+MWhyUXHsvfp7mcuYm9dSUKK0/CjtrUwFAxD82/mCWbtLsGjFIad0wIsod4zrTAEQ=="],
  }
}
